
Microsoft Visual Studio Solution File, Format Version 12.00
# Visual Studio Version 17
VisualStudioVersion = 17.0.31903.59
MinimumVisualStudioVersion = 10.0.40219.1
Project("{2150E333-8FDC-42A3-9474-1A3956D46DE8}") = "src", "src", "{9CFB084C-FA0D-4DBE-9B8D-D6792B8FC704}"
EndProject
Project("{FAE04EC0-301F-11D3-BF4B-00C04F79EFBC}") = "Program", "src\Program\Program.csproj", "{A267F907-E7C9-4791-9990-36405162A948}"
EndProject
Project("{FAE04EC0-301F-11D3-BF4B-00C04F79EFBC}") = "Library", "src\Library\Library.csproj", "{578B53E9-483C-4853-A614-1530BA7AB91B}"
EndProject
Project("{2150E333-8FDC-42A3-9474-1A3956D46DE8}") = "test", "test", "{7B336D1D-6320-4212-A3AD-D4D6BEB2353C}"
EndProject
Global
	GlobalSection(SolutionConfigurationPlatforms) = preSolution
		Debug|Any CPU = Debug|Any CPU
		Release|Any CPU = Release|Any CPU
	EndGlobalSection
	GlobalSection(SolutionProperties) = preSolution
		HideSolutionNode = FALSE
	EndGlobalSection
	GlobalSection(ProjectConfigurationPlatforms) = postSolution
		{A267F907-E7C9-4791-9990-36405162A948}.Debug|Any CPU.ActiveCfg = Debug|Any CPU
		{A267F907-E7C9-4791-9990-36405162A948}.Debug|Any CPU.Build.0 = Debug|Any CPU
		{A267F907-E7C9-4791-9990-36405162A948}.Release|Any CPU.ActiveCfg = Release|Any CPU
		{A267F907-E7C9-4791-9990-36405162A948}.Release|Any CPU.Build.0 = Release|Any CPU
		{578B53E9-483C-4853-A614-1530BA7AB91B}.Debug|Any CPU.ActiveCfg = Debug|Any CPU
		{578B53E9-483C-4853-A614-1530BA7AB91B}.Debug|Any CPU.Build.0 = Debug|Any CPU
		{578B53E9-483C-4853-A614-1530BA7AB91B}.Release|Any CPU.ActiveCfg = Release|Any CPU
		{578B53E9-483C-4853-A614-1530BA7AB91B}.Release|Any CPU.Build.0 = Release|Any CPU
	EndGlobalSection
	GlobalSection(NestedProjects) = preSolution
		{A267F907-E7C9-4791-9990-36405162A948} = {9CFB084C-FA0D-4DBE-9B8D-D6792B8FC704}
		{578B53E9-483C-4853-A614-1530BA7AB91B} = {9CFB084C-FA0D-4DBE-9B8D-D6792B8FC704}
	EndGlobalSection
EndGlobal
